
Microsoft Visual Studio Solution File, Format Version 9.00
# Visual Studio 2005
Project("{FAE04EC0-301F-11D3-BF4B-00C04F79EFBC}") = "Properties", "Properties\Properties.csproj", "{40C727D6-E458-4A38-8394-456D169CB46E}"
EndProject
Global
	GlobalSection(SolutionConfigurationPlatforms) = preSolution
		Debug|Any CPU = Debug|Any CPU
		Release|Any CPU = Release|Any CPU
	EndGlobalSection
	GlobalSection(ProjectConfigurationPlatforms) = postSolution
		{40C727D6-E458-4A38-8394-456D169CB46E}.Debug|Any CPU.ActiveCfg = Debug|Any CPU
		{40C727D6-E458-4A38-8394-456D169CB46E}.Debug|Any CPU.Build.0 = Debug|Any CPU
		{40C727D6-E458-4A38-8394-456D169CB46E}.Release|Any CPU.ActiveCfg = Release|Any CPU
		{40C727D6-E458-4A38-8394-456D169CB46E}.Release|Any CPU.Build.0 = Release|Any CPU
	EndGlobalSection
	GlobalSection(SolutionProperties) = preSolution
		HideSolutionNode = FALSE
	EndGlobalSection
EndGlobal
